
Microsoft Visual Studio Solution File, Format Version 11.00
# Visual Studio 2010
Project("{8BC9CEB8-8B4A-11D0-8D11-00A0C91BC942}") = "Example001", "Examples\Example001\MSVC\Example001.vcxproj", "{CC20699F-194B-483E-BAE5-1D0589FBF13E}"
EndProject
Project("{8BC9CEB8-8B4A-11D0-8D11-00A0C91BC942}") = "Example002", "Examples\Example002\MSVC\Example002.vcxproj", "{35B09741-7C4C-43CA-B159-2249C562D781}"
EndProject
Project("{8BC9CEB8-8B4A-11D0-8D11-00A0C91BC942}") = "Example003", "Examples\Example003\MSVC\Example003.vcxproj", "{FFF2B5B4-B859-4484-AEA5-8B1CA9D61621}"
EndProject
Project("{8BC9CEB8-8B4A-11D0-8D11-00A0C91BC942}") = "Example004", "Examples\Example004\MSVC\Example004.vcxproj", "{F791EE6D-5F57-4E4C-9AAC-9B2D5B0EF0F2}"
EndProject
Project("{8BC9CEB8-8B4A-11D0-8D11-00A0C91BC942}") = "Example005", "Examples\Example005\MSVC\Example005.vcxproj", "{07D91A6F-ED3E-4B75-9C6C-0006E88B64B1}"
EndProject
Project("{8BC9CEB8-8B4A-11D0-8D11-00A0C91BC942}") = "Example006", "Examples\Example006\MSVC\Example006.vcxproj", "{CC68B78B-8323-4EC4-B373-F1CC8C0B2A40}"
EndProject
Project("{8BC9CEB8-8B4A-11D0-8D11-00A0C91BC942}") = "Example007", "Examples\Example007\MSVC\Example007.vcxproj", "{34446EC8-4C23-42FD-BDE9-5BD167DF376E}"
EndProject
Project("{8BC9CEB8-8B4A-11D0-8D11-00A0C91BC942}") = "Example008", "Examples\Example008\MSVC\Example008.vcxproj", "{D8087EE1-7F7C-4800-B779-4F3C9984BB37}"
EndProject
Project("{8BC9CEB8-8B4A-11D0-8D11-00A0C91BC942}") = "Example009", "Examples\Example009\MSVC\Example009.vcxproj", "{6BD3DDE8-E7DA-4F40-97AE-DF8866AB62E6}"
EndProject
Project("{8BC9CEB8-8B4A-11D0-8D11-00A0C91BC942}") = "Example010", "Examples\Example010\MSVC\Example010.vcxproj", "{B0FDE13B-0F54-462D-A68C-9DAE1A299F97}"
EndProject
Project("{8BC9CEB8-8B4A-11D0-8D11-00A0C91BC942}") = "Example011", "Examples\Example011\MSVC\Example011.vcxproj", "{317E3E18-BA3B-49B9-BBC1-2ACF7F09A36A}"
EndProject
Project("{8BC9CEB8-8B4A-11D0-8D11-00A0C91BC942}") = "Example012", "Examples\Example012\MSVC\Example012.vcxproj", "{8C2E4CD3-C967-4121-80CD-62DB13BC4B61}"
EndProject
Project("{8BC9CEB8-8B4A-11D0-8D11-00A0C91BC942}") = "Example013", "Examples\Example013\MSVC\Example013.vcxproj", "{8F1663F0-264F-487C-934A-51BADC4FF01F}"
EndProject
Project("{8BC9CEB8-8B4A-11D0-8D11-00A0C91BC942}") = "Example014", "Examples\Example014\MSVC\Example014.vcxproj", "{B8A45FB5-CD37-4EDE-A0FD-605059E0F71C}"
EndProject
Project("{8BC9CEB8-8B4A-11D0-8D11-00A0C91BC942}") = "Example015", "Examples\Example015\MSVC\Example015.vcxproj", "{05F4CDF4-F3EC-43E7-B828-538744269DA1}"
EndProject
Project("{8BC9CEB8-8B4A-11D0-8D11-00A0C91BC942}") = "Example016", "Examples\Example016\MSVC\Example016.vcxproj", "{D8D81F27-FC1F-4268-B063-8F0C76E3E87B}"
EndProject
Project("{8BC9CEB8-8B4A-11D0-8D11-00A0C91BC942}") = "Example017", "Examples\Example017\MSVC\Example017.vcxproj", "{1FCA424E-103A-4FE8-A883-868ED0FE2EAC}"
EndProject
Project("{8BC9CEB8-8B4A-11D0-8D11-00A0C91BC942}") = "Example018", "Examples\Example018\MSVC\Example018.vcxproj", "{439D9E52-ED32-4FEB-87C2-5F59EF8ADEB6}"
EndProject
Project("{8BC9CEB8-8B4A-11D0-8D11-00A0C91BC942}") = "Example019", "Examples\Example019\MSVC\Example019.vcxproj", "{6F5E7AE2-DDD5-4D10-9F13-4913F2BBF19F}"
EndProject
Project("{8BC9CEB8-8B4A-11D0-8D11-00A0C91BC942}") = "Example020", "Examples\Example020\MSVC\Example020.vcxproj", "{6FE4A420-8392-4AD4-98EC-EF9661265562}"
EndProject
Project("{8BC9CEB8-8B4A-11D0-8D11-00A0C91BC942}") = "Example021", "Examples\Example021\MSVC\Example021.vcxproj", "{4E1B3FAA-7A43-475C-9464-85AD26DF1785}"
EndProject
Project("{8BC9CEB8-8B4A-11D0-8D11-00A0C91BC942}") = "Example022", "Examples\Example022\MSVC\Example022.vcxproj", "{74C47004-45D5-46CF-A1FC-F236C187BB9B}"
EndProject
Project("{8BC9CEB8-8B4A-11D0-8D11-00A0C91BC942}") = "Example023", "Examples\Example023\MSVC\Example023.vcxproj", "{400A68E9-DC86-4BCB-B7FD-E072FABFC4BE}"
EndProject
Project("{8BC9CEB8-8B4A-11D0-8D11-00A0C91BC942}") = "Example024", "Examples\Example024\MSVC\Example024.vcxproj", "{4495B928-092E-47A9-8A87-42356AFDC4F2}"
EndProject
Project("{8BC9CEB8-8B4A-11D0-8D11-00A0C91BC942}") = "Example025", "Examples\Example025\MSVC\Example025.vcxproj", "{32F7F49A-39DC-41F0-A567-318ADD0718D5}"
EndProject
Global
	GlobalSection(SolutionConfigurationPlatforms) = preSolution
		Debug|Win32 = Debug|Win32
		Release|Win32 = Release|Win32
	EndGlobalSection
	GlobalSection(ProjectConfigurationPlatforms) = postSolution
		{CC20699F-194B-483E-BAE5-1D0589FBF13E}.Debug|Win32.ActiveCfg = Debug|Win32
		{CC20699F-194B-483E-BAE5-1D0589FBF13E}.Debug|Win32.Build.0 = Debug|Win32
		{CC20699F-194B-483E-BAE5-1D0589FBF13E}.Release|Win32.ActiveCfg = Release|Win32
		{CC20699F-194B-483E-BAE5-1D0589FBF13E}.Release|Win32.Build.0 = Release|Win32
		{35B09741-7C4C-43CA-B159-2249C562D781}.Debug|Win32.ActiveCfg = Debug|Win32
		{35B09741-7C4C-43CA-B159-2249C562D781}.Debug|Win32.Build.0 = Debug|Win32
		{35B09741-7C4C-43CA-B159-2249C562D781}.Release|Win32.ActiveCfg = Release|Win32
		{35B09741-7C4C-43CA-B159-2249C562D781}.Release|Win32.Build.0 = Release|Win32
		{FFF2B5B4-B859-4484-AEA5-8B1CA9D61621}.Debug|Win32.ActiveCfg = Debug|Win32
		{FFF2B5B4-B859-4484-AEA5-8B1CA9D61621}.Debug|Win32.Build.0 = Debug|Win32
		{FFF2B5B4-B859-4484-AEA5-8B1CA9D61621}.Release|Win32.ActiveCfg = Release|Win32
		{FFF2B5B4-B859-4484-AEA5-8B1CA9D61621}.Release|Win32.Build.0 = Release|Win32
		{F791EE6D-5F57-4E4C-9AAC-9B2D5B0EF0F2}.Debug|Win32.ActiveCfg = Debug|Win32
		{F791EE6D-5F57-4E4C-9AAC-9B2D5B0EF0F2}.Debug|Win32.Build.0 = Debug|Win32
		{F791EE6D-5F57-4E4C-9AAC-9B2D5B0EF0F2}.Release|Win32.ActiveCfg = Release|Win32
		{F791EE6D-5F57-4E4C-9AAC-9B2D5B0EF0F2}.Release|Win32.Build.0 = Release|Win32
		{07D91A6F-ED3E-4B75-9C6C-0006E88B64B1}.Debug|Win32.ActiveCfg = Debug|Win32
		{07D91A6F-ED3E-4B75-9C6C-0006E88B64B1}.Debug|Win32.Build.0 = Debug|Win32
		{07D91A6F-ED3E-4B75-9C6C-0006E88B64B1}.Release|Win32.ActiveCfg = Release|Win32
		{07D91A6F-ED3E-4B75-9C6C-0006E88B64B1}.Release|Win32.Build.0 = Release|Win32
		{CC68B78B-8323-4EC4-B373-F1CC8C0B2A40}.Debug|Win32.ActiveCfg = Debug|Win32
		{CC68B78B-8323-4EC4-B373-F1CC8C0B2A40}.Debug|Win32.Build.0 = Debug|Win32
		{CC68B78B-8323-4EC4-B373-F1CC8C0B2A40}.Release|Win32.ActiveCfg = Release|Win32
		{CC68B78B-8323-4EC4-B373-F1CC8C0B2A40}.Release|Win32.Build.0 = Release|Win32
		{34446EC8-4C23-42FD-BDE9-5BD167DF376E}.Debug|Win32.ActiveCfg = Debug|Win32
		{34446EC8-4C23-42FD-BDE9-5BD167DF376E}.Debug|Win32.Build.0 = Debug|Win32
		{34446EC8-4C23-42FD-BDE9-5BD167DF376E}.Release|Win32.ActiveCfg = Release|Win32
		{34446EC8-4C23-42FD-BDE9-5BD167DF376E}.Release|Win32.Build.0 = Release|Win32
		{D8087EE1-7F7C-4800-B779-4F3C9984BB37}.Debug|Win32.ActiveCfg = Debug|Win32
		{D8087EE1-7F7C-4800-B779-4F3C9984BB37}.Debug|Win32.Build.0 = Debug|Win32
		{D8087EE1-7F7C-4800-B779-4F3C9984BB37}.Release|Win32.ActiveCfg = Release|Win32
		{D8087EE1-7F7C-4800-B779-4F3C9984BB37}.Release|Win32.Build.0 = Release|Win32
		{6BD3DDE8-E7DA-4F40-97AE-DF8866AB62E6}.Debug|Win32.ActiveCfg = Debug|Win32
		{6BD3DDE8-E7DA-4F40-97AE-DF8866AB62E6}.Debug|Win32.Build.0 = Debug|Win32
		{6BD3DDE8-E7DA-4F40-97AE-DF8866AB62E6}.Release|Win32.ActiveCfg = Release|Win32
		{6BD3DDE8-E7DA-4F40-97AE-DF8866AB62E6}.Release|Win32.Build.0 = Release|Win32
		{B0FDE13B-0F54-462D-A68C-9DAE1A299F97}.Debug|Win32.ActiveCfg = Debug|Win32
		{B0FDE13B-0F54-462D-A68C-9DAE1A299F97}.Debug|Win32.Build.0 = Debug|Win32
		{B0FDE13B-0F54-462D-A68C-9DAE1A299F97}.Release|Win32.ActiveCfg = Release|Win32
		{B0FDE13B-0F54-462D-A68C-9DAE1A299F97}.Release|Win32.Build.0 = Release|Win32
		{317E3E18-BA3B-49B9-BBC1-2ACF7F09A36A}.Debug|Win32.ActiveCfg = Debug|Win32
		{317E3E18-BA3B-49B9-BBC1-2ACF7F09A36A}.Debug|Win32.Build.0 = Debug|Win32
		{317E3E18-BA3B-49B9-BBC1-2ACF7F09A36A}.Release|Win32.ActiveCfg = Release|Win32
		{317E3E18-BA3B-49B9-BBC1-2ACF7F09A36A}.Release|Win32.Build.0 = Release|Win32
		{8C2E4CD3-C967-4121-80CD-62DB13BC4B61}.Debug|Win32.ActiveCfg = Debug|Win32
		{8C2E4CD3-C967-4121-80CD-62DB13BC4B61}.Debug|Win32.Build.0 = Debug|Win32
		{8C2E4CD3-C967-4121-80CD-62DB13BC4B61}.Release|Win32.ActiveCfg = Release|Win32
		{8C2E4CD3-C967-4121-80CD-62DB13BC4B61}.Release|Win32.Build.0 = Release|Win32
		{8F1663F0-264F-487C-934A-51BADC4FF01F}.Debug|Win32.ActiveCfg = Debug|Win32
		{8F1663F0-264F-487C-934A-51BADC4FF01F}.Debug|Win32.Build.0 = Debug|Win32
		{8F1663F0-264F-487C-934A-51BADC4FF01F}.Release|Win32.ActiveCfg = Release|Win32
		{8F1663F0-264F-487C-934A-51BADC4FF01F}.Release|Win32.Build.0 = Release|Win32
		{B8A45FB5-CD37-4EDE-A0FD-605059E0F71C}.Debug|Win32.ActiveCfg = Debug|Win32
		{B8A45FB5-CD37-4EDE-A0FD-605059E0F71C}.Debug|Win32.Build.0 = Debug|Win32
		{B8A45FB5-CD37-4EDE-A0FD-605059E0F71C}.Release|Win32.ActiveCfg = Release|Win32
		{B8A45FB5-CD37-4EDE-A0FD-605059E0F71C}.Release|Win32.Build.0 = Release|Win32
		{05F4CDF4-F3EC-43E7-B828-538744269DA1}.Debug|Win32.ActiveCfg = Debug|Win32
		{05F4CDF4-F3EC-43E7-B828-538744269DA1}.Debug|Win32.Build.0 = Debug|Win32
		{05F4CDF4-F3EC-43E7-B828-538744269DA1}.Release|Win32.ActiveCfg = Release|Win32
		{05F4CDF4-F3EC-43E7-B828-538744269DA1}.Release|Win32.Build.0 = Release|Win32
		{D8D81F27-FC1F-4268-B063-8F0C76E3E87B}.Debug|Win32.ActiveCfg = Debug|Win32
		{D8D81F27-FC1F-4268-B063-8F0C76E3E87B}.Debug|Win32.Build.0 = Debug|Win32
		{D8D81F27-FC1F-4268-B063-8F0C76E3E87B}.Release|Win32.ActiveCfg = Release|Win32
		{D8D81F27-FC1F-4268-B063-8F0C76E3E87B}.Release|Win32.Build.0 = Release|Win32
		{1FCA424E-103A-4FE8-A883-868ED0FE2EAC}.Debug|Win32.ActiveCfg = Debug|Win32
		{1FCA424E-103A-4FE8-A883-868ED0FE2EAC}.Debug|Win32.Build.0 = Debug|Win32
		{1FCA424E-103A-4FE8-A883-868ED0FE2EAC}.Release|Win32.ActiveCfg = Release|Win32
		{1FCA424E-103A-4FE8-A883-868ED0FE2EAC}.Release|Win32.Build.0 = Release|Win32
		{439D9E52-ED32-4FEB-87C2-5F59EF8ADEB6}.Debug|Win32.ActiveCfg = Debug|Win32
		{439D9E52-ED32-4FEB-87C2-5F59EF8ADEB6}.Debug|Win32.Build.0 = Debug|Win32
		{439D9E52-ED32-4FEB-87C2-5F59EF8ADEB6}.Release|Win32.ActiveCfg = Release|Win32
		{439D9E52-ED32-4FEB-87C2-5F59EF8ADEB6}.Release|Win32.Build.0 = Release|Win32
		{6F5E7AE2-DDD5-4D10-9F13-4913F2BBF19F}.Debug|Win32.ActiveCfg = Debug|Win32
		{6F5E7AE2-DDD5-4D10-9F13-4913F2BBF19F}.Debug|Win32.Build.0 = Debug|Win32
		{6F5E7AE2-DDD5-4D10-9F13-4913F2BBF19F}.Release|Win32.ActiveCfg = Release|Win32
		{6F5E7AE2-DDD5-4D10-9F13-4913F2BBF19F}.Release|Win32.Build.0 = Release|Win32
		{6FE4A420-8392-4AD4-98EC-EF9661265562}.Debug|Win32.ActiveCfg = Debug|Win32
		{6FE4A420-8392-4AD4-98EC-EF9661265562}.Debug|Win32.Build.0 = Debug|Win32
		{6FE4A420-8392-4AD4-98EC-EF9661265562}.Release|Win32.ActiveCfg = Release|Win32
		{6FE4A420-8392-4AD4-98EC-EF9661265562}.Release|Win32.Build.0 = Release|Win32
		{4E1B3FAA-7A43-475C-9464-85AD26DF1785}.Debug|Win32.ActiveCfg = Debug|Win32
		{4E1B3FAA-7A43-475C-9464-85AD26DF1785}.Debug|Win32.Build.0 = Debug|Win32
		{4E1B3FAA-7A43-475C-9464-85AD26DF1785}.Release|Win32.ActiveCfg = Release|Win32
		{4E1B3FAA-7A43-475C-9464-85AD26DF1785}.Release|Win32.Build.0 = Release|Win32
		{74C47004-45D5-46CF-A1FC-F236C187BB9B}.Debug|Win32.ActiveCfg = Debug|Win32
		{74C47004-45D5-46CF-A1FC-F236C187BB9B}.Debug|Win32.Build.0 = Debug|Win32
		{74C47004-45D5-46CF-A1FC-F236C187BB9B}.Release|Win32.ActiveCfg = Release|Win32
		{74C47004-45D5-46CF-A1FC-F236C187BB9B}.Release|Win32.Build.0 = Release|Win32
		{400A68E9-DC86-4BCB-B7FD-E072FABFC4BE}.Debug|Win32.ActiveCfg = Debug|Win32
		{400A68E9-DC86-4BCB-B7FD-E072FABFC4BE}.Debug|Win32.Build.0 = Debug|Win32
		{400A68E9-DC86-4BCB-B7FD-E072FABFC4BE}.Release|Win32.ActiveCfg = Release|Win32
		{400A68E9-DC86-4BCB-B7FD-E072FABFC4BE}.Release|Win32.Build.0 = Release|Win32
		{4495B928-092E-47A9-8A87-42356AFDC4F2}.Debug|Win32.ActiveCfg = Debug|Win32
		{4495B928-092E-47A9-8A87-42356AFDC4F2}.Debug|Win32.Build.0 = Debug|Win32
		{4495B928-092E-47A9-8A87-42356AFDC4F2}.Release|Win32.ActiveCfg = Release|Win32
		{4495B928-092E-47A9-8A87-42356AFDC4F2}.Release|Win32.Build.0 = Release|Win32
		{32F7F49A-39DC-41F0-A567-318ADD0718D5}.Debug|Win32.ActiveCfg = Debug|Win32
		{32F7F49A-39DC-41F0-A567-318ADD0718D5}.Debug|Win32.Build.0 = Debug|Win32
		{32F7F49A-39DC-41F0-A567-318ADD0718D5}.Release|Win32.ActiveCfg = Release|Win32
		{32F7F49A-39DC-41F0-A567-318ADD0718D5}.Release|Win32.Build.0 = Release|Win32
	EndGlobalSection
	GlobalSection(SolutionProperties) = preSolution
		HideSolutionNode = FALSE
	EndGlobalSection
EndGlobal
